// !$*UTF8*$!
{
	archiveVersion = 1;
	classes = {
	};
	objectVersion = 77;
	objects = {

/* Begin PBXContainerItemProxy section */
		B2C733B82D8C5B4A0062BE0C /* PBXContainerItemProxy */ = {
			isa = PBXContainerItemProxy;
			containerPortal = B2C7339D2D8C5B480062BE0C /* Project object */;
			proxyType = 1;
			remoteGlobalIDString = B2C733A42D8C5B480062BE0C;
			remoteInfo = Mozzarella;
		};
		B2C733C22D8C5B4A0062BE0C /* PBXContainerItemProxy */ = {
			isa = PBXContainerItemProxy;
			containerPortal = B2C7339D2D8C5B480062BE0C /* Project object */;
			proxyType = 1;
			remoteGlobalIDString = B2C733A42D8C5B480062BE0C;
			remoteInfo = Mozzarella;
		};
/* End PBXContainerItemProxy section */

/* Begin PBXFileReference section */
		B2C733A52D8C5B480062BE0C /* Mozzarella.app */ = {isa = PBXFileReference; explicitFileType = wrapper.application; includeInIndex = 0; path = Mozzarella.app; sourceTree = BUILT_PRODUCTS_DIR; };
		B2C733B72D8C5B4A0062BE0C /* MozzarellaTests.xctest */ = {isa = PBXFileReference; explicitFileType = wrapper.cfbundle; includeInIndex = 0; path = MozzarellaTests.xctest; sourceTree = BUILT_PRODUCTS_DIR; };
		B2C733C12D8C5B4A0062BE0C /* MozzarellaUITests.xctest */ = {isa = PBXFileReference; explicitFileType = wrapper.cfbundle; includeInIndex = 0; path = MozzarellaUITests.xctest; sourceTree = BUILT_PRODUCTS_DIR; };
/* End PBXFileReference section */

/* Begin PBXFileSystemSynchronizedRootGroup section */
		B2C733A72D8C5B480062BE0C /* Mozzarella */ = {
			isa = PBXFileSystemSynchronizedRootGroup;
			path = Mozzarella;
			sourceTree = "<group>";
		};
		B2C733BA2D8C5B4A0062BE0C /* MozzarellaTests */ = {
			isa = PBXFileSystemSynchronizedRootGroup;
			path = MozzarellaTests;
			sourceTree = "<group>";
		};
/* End PBXFileSystemSynchronizedRootGroup section */

/* Begin PBXFrameworksBuildPhase section */
		B2C733A22D8C5B480062BE0C /* Frameworks */ = {
			isa = PBXFrameworksBuildPhase;
			buildActionMask = 2147483647;
			files = (
			);
			runOnlyForDeploymentPostprocessing = 0;
		};
		B2C733B42D8C5B4A0062BE0C /* Frameworks */ = {
			isa = PBXFrameworksBuildPhase;
			buildActionMask = 2147483647;
			files = (
			);
			runOnlyForDeploymentPostprocessing = 0;
		};
		B2C733BE2D8C5B4A0062BE0C /* Frameworks */ = {
			isa = PBXFrameworksBuildPhase;
			buildActionMask = 2147483647;
			files = (
			);
			runOnlyForDeploymentPostprocessing = 0;
		};
/* End PBXFrameworksBuildPhase section */

/* Begin PBXGroup section */
		B2C7339C2D8C5B480062BE0C = {
			isa = PBXGroup;
			children = (
				B2C733A72D8C5B480062BE0C /* Mozzarella */,
				B2C733BA2D8C5B4A0062BE0C /* MozzarellaTests */,
				B2C733A62D8C5B480062BE0C /* Products */,
			);
			sourceTree = "<group>";
		};
		B2C733A62D8C5B480062BE0C /* Products */ = {
			isa = PBXGroup;
			children = (
				B2C733A52D8C5B480062BE0C /* Mozzarella.app */,
				B2C733B72D8C5B4A0062BE0C /* MozzarellaTests.xctest */,
				B2C733C12D8C5B4A0062BE0C /* MozzarellaUITests.xctest */,
			);
			name = Products;
			sourceTree = "<group>";
		};
/* End PBXGroup section */

/* Begin PBXNativeTarget section */
		B2C733A42D8C5B480062BE0C /* Mozzarella */ = {
			isa = PBXNativeTarget;
			buildConfigurationList = B2C733CB2D8C5B4A0062BE0C /* Build configuration list for PBXNativeTarget "Mozzarella" */;
			buildPhases = (
				B2C733A12D8C5B480062BE0C /* Sources */,
				B2C733A22D8C5B480062BE0C /* Frameworks */,
				B2C733A32D8C5B480062BE0C /* Resources */,
			);
			buildRules = (
			);
			dependencies = (
			);
			fileSystemSynchronizedGroups = (
				B2C733A72D8C5B480062BE0C /* Mozzarella */,
			);
			name = Mozzarella;
			packageProductDependencies = (
			);
			productName = Mozzarella;
			productReference = B2C733A52D8C5B480062BE0C /* Mozzarella.app */;
			productType = "com.apple.product-type.application";
		};
		B2C733B62D8C5B4A0062BE0C /* MozzarellaTests */ = {
			isa = PBXNativeTarget;
			buildConfigurationList = B2C733CE2D8C5B4A0062BE0C /* Build configuration list for PBXNativeTarget "MozzarellaTests" */;
			buildPhases = (
				B2C733B32D8C5B4A0062BE0C /* Sources */,
				B2C733B42D8C5B4A0062BE0C /* Frameworks */,
				B2C733B52D8C5B4A0062BE0C /* Resources */,
			);
			buildRules = (
			);
			dependencies = (
				B2C733B92D8C5B4A0062BE0C /* PBXTargetDependency */,
			);
			fileSystemSynchronizedGroups = (
				B2C733BA2D8C5B4A0062BE0C /* MozzarellaTests */,
			);
			name = MozzarellaTests;
			packageProductDependencies = (
			);
			productName = MozzarellaTests;
			productReference = B2C733B72D8C5B4A0062BE0C /* MozzarellaTests.xctest */;
			productType = "com.apple.product-type.bundle.unit-test";
		};
		B2C733C02D8C5B4A0062BE0C /* MozzarellaUITests */ = {
			isa = PBXNativeTarget;
			buildConfigurationList = B2C733D12D8C5B4A0062BE0C /* Build configuration list for PBXNativeTarget "MozzarellaUITests" */;
			buildPhases = (
				B2C733BD2D8C5B4A0062BE0C /* Sources */,
				B2C733BE2D8C5B4A0062BE0C /* Frameworks */,
				B2C733BF2D8C5B4A0062BE0C /* Resources */,
			);
			buildRules = (
			);
			dependencies = (
				B2C733C32D8C5B4A0062BE0C /* PBXTargetDependency */,
			);
			name = MozzarellaUITests;
			packageProductDependencies = (
			);
			productName = MozzarellaUITests;
			productReference = B2C733C12D8C5B4A0062BE0C /* MozzarellaUITests.xctest */;
			productType = "com.apple.product-type.bundle.ui-testing";
		};
/* End PBXNativeTarget section */

/* Begin PBXProject section */
		B2C7339D2D8C5B480062BE0C /* Project object */ = {
			isa = PBXProject;
			attributes = {
				BuildIndependentTargetsInParallel = 1;
				LastSwiftUpdateCheck = 1620;
				LastUpgradeCheck = 1620;
				TargetAttributes = {
					B2C733A42D8C5B480062BE0C = {
						CreatedOnToolsVersion = 16.2;
					};
					B2C733B62D8C5B4A0062BE0C = {
						CreatedOnToolsVersion = 16.2;
						TestTargetID = B2C733A42D8C5B480062BE0C;
					};
					B2C733C02D8C5B4A0062BE0C = {
						CreatedOnToolsVersion = 16.2;
						TestTargetID = B2C733A42D8C5B480062BE0C;
					};
				};
			};
			buildConfigurationList = B2C733A02D8C5B480062BE0C /* Build configuration list for PBXProject "Mozzarella" */;
			developmentRegion = en;
			hasScannedForEncodings = 0;
			knownRegions = (
				en,
				Base,
			);
			mainGroup = B2C7339C2D8C5B480062BE0C;
			minimizedProjectReferenceProxies = 1;
			preferredProjectObjectVersion = 77;
			productRefGroup = B2C733A62D8C5B480062BE0C /* Products */;
			projectDirPath = "";
			projectRoot = "";
			targets = (
				B2C733A42D8C5B480062BE0C /* Mozzarella */,
				B2C733B62D8C5B4A0062BE0C /* MozzarellaTests */,
				B2C733C02D8C5B4A0062BE0C /* MozzarellaUITests */,
			);
		};
/* End PBXProject section */

/* Begin PBXResourcesBuildPhase section */
		B2C733A32D8C5B480062BE0C /* Resources */ = {
			isa = PBXResourcesBuildPhase;
			buildActionMask = 2147483647;
			files = (
			);
			runOnlyForDeploymentPostprocessing = 0;
		};
		B2C733B52D8C5B4A0062BE0C /* Resources */ = {
			isa = PBXResourcesBuildPhase;
			buildActionMask = 2147483647;
			files = (
			);
			runOnlyForDeploymentPostprocessing = 0;
		};
		B2C733BF2D8C5B4A0062BE0C /* Resources */ = {
			isa = PBXResourcesBuildPhase;
			buildActionMask = 2147483647;
			files = (
			);
			runOnlyForDeploymentPostprocessing = 0;
		};
/* End PBXResourcesBuildPhase section */

/* Begin PBXSourcesBuildPhase section */
		B2C733A12D8C5B480062BE0C /* Sources */ = {
			isa = PBXSourcesBuildPhase;
			buildActionMask = 2147483647;
			files = (
			);
			runOnlyForDeploymentPostprocessing = 0;
		};
		B2C733B32D8C5B4A0062BE0C /* Sources */ = {
			isa = PBXSourcesBuildPhase;
			buildActionMask = 2147483647;
			files = (
			);
			runOnlyForDeploymentPostprocessing = 0;
		};
		B2C733BD2D8C5B4A0062BE0C /* Sources */ = {
			isa = PBXSourcesBuildPhase;
			buildActionMask = 2147483647;
			files = (
			);
			runOnlyForDeploymentPostprocessing = 0;
		};
/* End PBXSourcesBuildPhase section */

/* Begin PBXTargetDependency section */
		B2C733B92D8C5B4A0062BE0C /* PBXTargetDependency */ = {
			isa = PBXTargetDependency;
			target = B2C733A42D8C5B480062BE0C /* Mozzarella */;
			targetProxy = B2C733B82D8C5B4A0062BE0C /* PBXContainerItemProxy */;
		};
		B2C733C32D8C5B4A0062BE0C /* PBXTargetDependency */ = {
			isa = PBXTargetDependency;
			target = B2C733A42D8C5B480062BE0C /* Mozzarella */;
			targetProxy = B2C733C22D8C5B4A0062BE0C /* PBXContainerItemProxy */;
		};
/* End PBXTargetDependency section */

/* Begin XCBuildConfiguration section */
		B2C733C92D8C5B4A0062BE0C /* Debug */ = {
			isa = XCBuildConfiguration;
			buildSettings = {
				ALWAYS_SEARCH_USER_PATHS = NO;
				ASSETCATALOG_COMPILER_GENERATE_SWIFT_ASSET_SYMBOL_EXTENSIONS = YES;
				CLANG_ANALYZER_NONNULL = YES;
				CLANG_ANALYZER_NUMBER_OBJECT_CONVERSION = YES_AGGRESSIVE;
				CLANG_CXX_LANGUAGE_STANDARD = "gnu++20";
				CLANG_ENABLE_MODULES = YES;
				CLANG_ENABLE_OBJC_ARC = YES;
				CLANG_ENABLE_OBJC_WEAK = YES;
				CLANG_WARN_BLOCK_CAPTURE_AUTORELEASING = YES;
				CLANG_WARN_BOOL_CONVERSION = YES;
				CLANG_WARN_COMMA = YES;
				CLANG_WARN_CONSTANT_CONVERSION = YES;
				CLANG_WARN_DEPRECATED_OBJC_IMPLEMENTATIONS = YES;
				CLANG_WARN_DIRECT_OBJC_ISA_USAGE = YES_ERROR;
				CLANG_WARN_DOCUMENTATION_COMMENTS = YES;
				CLANG_WARN_EMPTY_BODY = YES;
				CLANG_WARN_ENUM_CONVERSION = YES;
				CLANG_WARN_INFINITE_RECURSION = YES;
				CLANG_WARN_INT_CONVERSION = YES;
				CLANG_WARN_NON_LITERAL_NULL_CONVERSION = YES;
				CLANG_WARN_OBJC_IMPLICIT_RETAIN_SELF = YES;
				CLANG_WARN_OBJC_LITERAL_CONVERSION = YES;
				CLANG_WARN_OBJC_ROOT_CLASS = YES_ERROR;
				CLANG_WARN_QUOTED_INCLUDE_IN_FRAMEWORK_HEADER = YES;
				CLANG_WARN_RANGE_LOOP_ANALYSIS = YES;
				CLANG_WARN_STRICT_PROTOTYPES = YES;
				CLANG_WARN_SUSPICIOUS_MOVE = YES;
				CLANG_WARN_UNGUARDED_AVAILABILITY = YES_AGGRESSIVE;
				CLANG_WARN_UNREACHABLE_CODE = YES;
				CLANG_WARN__DUPLICATE_METHOD_MATCH = YES;
				COPY_PHASE_STRIP = NO;
				DEBUG_INFORMATION_FORMAT = dwarf;
				ENABLE_STRICT_OBJC_MSGSEND = YES;
				ENABLE_TESTABILITY = YES;
				ENABLE_USER_SCRIPT_SANDBOXING = YES;
				GCC_C_LANGUAGE_STANDARD = gnu17;
				GCC_DYNAMIC_NO_PIC = NO;
				GCC_NO_COMMON_BLOCKS = YES;
				GCC_OPTIMIZATION_LEVEL = 0;
				GCC_PREPROCESSOR_DEFINITIONS = (
					"DEBUG=1",
					"$(inherited)",
				);
				GCC_WARN_64_TO_32_BIT_CONVERSION = YES;
				GCC_WARN_ABOUT_RETURN_TYPE = YES_ERROR;
				GCC_WARN_UNDECLARED_SELECTOR = YES;
				GCC_WARN_UNINITIALIZED_AUTOS = YES_AGGRESSIVE;
				GCC_WARN_UNUSED_FUNCTION = YES;
				GCC_WARN_UNUSED_VARIABLE = YES;
				IPHONEOS_DEPLOYMENT_TARGET = 18.2;
				LOCALIZATION_PREFERS_STRING_CATALOGS = YES;
				MTL_ENABLE_DEBUG_INFO = INCLUDE_SOURCE;
				MTL_FAST_MATH = YES;
				ONLY_ACTIVE_ARCH = YES;
				SDKROOT = iphoneos;
				SWIFT_ACTIVE_COMPILATION_CONDITIONS = "DEBUG $(inherited)";
				SWIFT_OPTIMIZATION_LEVEL = "-Onone";
			};
			name = Debug;
		};
		B2C733CA2D8C5B4A0062BE0C /* Release */ = {
			isa = XCBuildConfiguration;
			buildSettings = {
				ALWAYS_SEARCH_USER_PATHS = NO;
				ASSETCATALOG_COMPILER_GENERATE_SWIFT_ASSET_SYMBOL_EXTENSIONS = YES;
				CLANG_ANALYZER_NONNULL = YES;
				CLANG_ANALYZER_NUMBER_OBJECT_CONVERSION = YES_AGGRESSIVE;
				CLANG_CXX_LANGUAGE_STANDARD = "gnu++20";
				CLANG_ENABLE_MODULES = YES;
				CLANG_ENABLE_OBJC_ARC = YES;
				CLANG_ENABLE_OBJC_WEAK = YES;
				CLANG_WARN_BLOCK_CAPTURE_AUTORELEASING = YES;
				CLANG_WARN_BOOL_CONVERSION = YES;
				CLANG_WARN_COMMA = YES;
				CLANG_WARN_CONSTANT_CONVERSION = YES;
				CLANG_WARN_DEPRECATED_OBJC_IMPLEMENTATIONS = YES;
				CLANG_WARN_DIRECT_OBJC_ISA_USAGE = YES_ERROR;
				CLANG_WARN_DOCUMENTATION_COMMENTS = YES;
				CLANG_WARN_EMPTY_BODY = YES;
				CLANG_WARN_ENUM_CONVERSION = YES;
				CLANG_WARN_INFINITE_RECURSION = YES;
				CLANG_WARN_INT_CONVERSION = YES;
				CLANG_WARN_NON_LITERAL_NULL_CONVERSION = YES;
				CLANG_WARN_OBJC_IMPLICIT_RETAIN_SELF = YES;
				CLANG_WARN_OBJC_LITERAL_CONVERSION = YES;
				CLANG_WARN_OBJC_ROOT_CLASS = YES_ERROR;
				CLANG_WARN_QUOTED_INCLUDE_IN_FRAMEWORK_HEADER = YES;
				CLANG_WARN_RANGE_LOOP_ANALYSIS = YES;
				CLANG_WARN_STRICT_PROTOTYPES = YES;
				CLANG_WARN_SUSPICIOUS_MOVE = YES;
				CLANG_WARN_UNGUARDED_AVAILABILITY = YES_AGGRESSIVE;
				CLANG_WARN_UNREACHABLE_CODE = YES;
				CLANG_WARN__DUPLICATE_METHOD_MATCH = YES;
				COPY_PHASE_STRIP = NO;
				DEBUG_INFORMATION_FORMAT = "dwarf-with-dsym";
				ENABLE_NS_ASSERTIONS = NO;
				ENABLE_STRICT_OBJC_MSGSEND = YES;
				ENABLE_USER_SCRIPT_SANDBOXING = YES;
				GCC_C_LANGUAGE_STANDARD = gnu17;
				GCC_NO_COMMON_BLOCKS = YES;
				GCC_WARN_64_TO_32_BIT_CONVERSION = YES;
				GCC_WARN_ABOUT_RETURN_TYPE = YES_ERROR;
				GCC_WARN_UNDECLARED_SELECTOR = YES;
				GCC_WARN_UNINITIALIZED_AUTOS = YES_AGGRESSIVE;
				GCC_WARN_UNUSED_FUNCTION = YES;
				GCC_WARN_UNUSED_VARIABLE = YES;
				IPHONEOS_DEPLOYMENT_TARGET = 18.2;
				LOCALIZATION_PREFERS_STRING_CATALOGS = YES;
				MTL_ENABLE_DEBUG_INFO = NO;
				MTL_FAST_MATH = YES;
				SDKROOT = iphoneos;
				SWIFT_COMPILATION_MODE = wholemodule;
				VALIDATE_PRODUCT = YES;
			};
			name = Release;
		};
		B2C733CC2D8C5B4A0062BE0C /* Debug */ = {
			isa = XCBuildConfiguration;
			buildSettings = {
				ASSETCATALOG_COMPILER_APPICON_NAME = AppIcon;
				ASSETCATALOG_COMPILER_GLOBAL_ACCENT_COLOR_NAME = AccentColor;
				CODE_SIGN_STYLE = Automatic;
				CURRENT_PROJECT_VERSION = 1;
				DEVELOPMENT_ASSET_PATHS = "\"Mozzarella/Preview Content\"";
				DEVELOPMENT_TEAM = 9C97S2SR7J;
				ENABLE_PREVIEWS = YES;
				GENERATE_INFOPLIST_FILE = YES;
				INFOPLIST_KEY_UIApplicationSceneManifest_Generation = YES;
				INFOPLIST_KEY_UIApplicationSupportsIndirectInputEvents = YES;
				INFOPLIST_KEY_UILaunchScreen_Generation = YES;
				INFOPLIST_KEY_UISupportedInterfaceOrientations_iPad = "UIInterfaceOrientationPortrait UIInterfaceOrientationPortraitUpsideDown UIInterfaceOrientationLandscapeLeft UIInterfaceOrientationLandscapeRight";
				INFOPLIST_KEY_UISupportedInterfaceOrientations_iPhone = "UIInterfaceOrientationPortrait UIInterfaceOrientationLandscapeLeft UIInterfaceOrientationLandscapeRight";
				LD_RUNPATH_SEARCH_PATHS = (
					"$(inherited)",
					"@executable_path/Frameworks",
				);
				MARKETING_VERSION = 1.0;
				PRODUCT_BUNDLE_IDENTIFIER = br.ingrydduarte.tronchetto.Mozzarella;
				PRODUCT_NAME = "$(TARGET_NAME)";
				SWIFT_EMIT_LOC_STRINGS = YES;
				SWIFT_VERSION = 5.0;
				TARGETED_DEVICE_FAMILY = "1,2";
			};
			name = Debug;
		};
		B2C733CD2D8C5B4A0062BE0C /* Release */ = {
			isa = XCBuildConfiguration;
			buildSettings = {
				ASSETCATALOG_COMPILER_APPICON_NAME = AppIcon;
				ASSETCATALOG_COMPILER_GLOBAL_ACCENT_COLOR_NAME = AccentColor;
				CODE_SIGN_STYLE = Automatic;
				CURRENT_PROJECT_VERSION = 1;
				DEVELOPMENT_ASSET_PATHS = "\"Mozzarella/Preview Content\"";
				DEVELOPMENT_TEAM = 9C97S2SR7J;
				ENABLE_PREVIEWS = YES;
				GENERATE_INFOPLIST_FILE = YES;
				INFOPLIST_KEY_UIApplicationSceneManifest_Generation = YES;
				INFOPLIST_KEY_UIApplicationSupportsIndirectInputEvents = YES;
				INFOPLIST_KEY_UILaunchScreen_Generation = YES;
				INFOPLIST_KEY_UISupportedInterfaceOrientations_iPad = "UIInterfaceOrientationPortrait UIInterfaceOrientationPortraitUpsideDown UIInterfaceOrientationLandscapeLeft UIInterfaceOrientationLandscapeRight";
				INFOPLIST_KEY_UISupportedInterfaceOrientations_iPhone = "UIInterfaceOrientationPortrait UIInterfaceOrientationLandscapeLeft UIInterfaceOrientationLandscapeRight";
				LD_RUNPATH_SEARCH_PATHS = (
					"$(inherited)",
					"@executable_path/Frameworks",
				);
				MARKETING_VERSION = 1.0;
				PRODUCT_BUNDLE_IDENTIFIER = br.ingrydduarte.tronchetto.Mozzarella;
				PRODUCT_NAME = "$(TARGET_NAME)";
				SWIFT_EMIT_LOC_STRINGS = YES;
				SWIFT_VERSION = 5.0;
				TARGETED_DEVICE_FAMILY = "1,2";
			};
			name = Release;
		};
		B2C733CF2D8C5B4A0062BE0C /* Debug */ = {
			isa = XCBuildConfiguration;
			buildSettings = {
				BUNDLE_LOADER = "$(TEST_HOST)";
				CODE_SIGN_STYLE = Automatic;
				CURRENT_PROJECT_VERSION = 1;
				DEVELOPMENT_TEAM = 9C97S2SR7J;
				GENERATE_INFOPLIST_FILE = YES;
				IPHONEOS_DEPLOYMENT_TARGET = 18.2;
				MARKETING_VERSION = 1.0;
				PRODUCT_BUNDLE_IDENTIFIER = br.ingrydduarte.tronchetto.MozzarellaTests;
				PRODUCT_NAME = "$(TARGET_NAME)";
				SWIFT_EMIT_LOC_STRINGS = NO;
				SWIFT_VERSION = 5.0;
				TARGETED_DEVICE_FAMILY = "1,2";
				TEST_HOST = "$(BUILT_PRODUCTS_DIR)/Mozzarella.app/$(BUNDLE_EXECUTABLE_FOLDER_PATH)/Mozzarella";
			};
			name = Debug;
		};
		B2C733D02D8C5B4A0062BE0C /* Release */ = {
			isa = XCBuildConfiguration;
			buildSettings = {
				BUNDLE_LOADER = "$(TEST_HOST)";
				CODE_SIGN_STYLE = Automatic;
				CURRENT_PROJECT_VERSION = 1;
				DEVELOPMENT_TEAM = 9C97S2SR7J;
				GENERATE_INFOPLIST_FILE = YES;
				IPHONEOS_DEPLOYMENT_TARGET = 18.2;
				MARKETING_VERSION = 1.0;
				PRODUCT_BUNDLE_IDENTIFIER = br.ingrydduarte.tronchetto.MozzarellaTests;
				PRODUCT_NAME = "$(TARGET_NAME)";
				SWIFT_EMIT_LOC_STRINGS = NO;
				SWIFT_VERSION = 5.0;
				TARGETED_DEVICE_FAMILY = "1,2";
				TEST_HOST = "$(BUILT_PRODUCTS_DIR)/Mozzarella.app/$(BUNDLE_EXECUTABLE_FOLDER_PATH)/Mozzarella";
			};
			name = Release;
		};
		B2C733D22D8C5B4A0062BE0C /* Debug */ = {
			isa = XCBuildConfiguration;
			buildSettings = {
				CODE_SIGN_STYLE = Automatic;
				CURRENT_PROJECT_VERSION = 1;
				DEVELOPMENT_TEAM = 9C97S2SR7J;
				GENERATE_INFOPLIST_FILE = YES;
				MARKETING_VERSION = 1.0;
				PRODUCT_BUNDLE_IDENTIFIER = br.ingrydduarte.tronchetto.MozzarellaUITests;
				PRODUCT_NAME = "$(TARGET_NAME)";
				SWIFT_EMIT_LOC_STRINGS = NO;
				SWIFT_VERSION = 5.0;
				TARGETED_DEVICE_FAMILY = "1,2";
				TEST_TARGET_NAME = Mozzarella;
			};
			name = Debug;
		};
		B2C733D32D8C5B4A0062BE0C /* Release */ = {
			isa = XCBuildConfiguration;
			buildSettings = {
				CODE_SIGN_STYLE = Automatic;
				CURRENT_PROJECT_VERSION = 1;
				DEVELOPMENT_TEAM = 9C97S2SR7J;
				GENERATE_INFOPLIST_FILE = YES;
				MARKETING_VERSION = 1.0;
				PRODUCT_BUNDLE_IDENTIFIER = br.ingrydduarte.tronchetto.MozzarellaUITests;
				PRODUCT_NAME = "$(TARGET_NAME)";
				SWIFT_EMIT_LOC_STRINGS = NO;
				SWIFT_VERSION = 5.0;
				TARGETED_DEVICE_FAMILY = "1,2";
				TEST_TARGET_NAME = Mozzarella;
			};
			name = Release;
		};
/* End XCBuildConfiguration section */

/* Begin XCConfigurationList section */
		B2C733A02D8C5B480062BE0C /* Build configuration list for PBXProject "Mozzarella" */ = {
			isa = XCConfigurationList;
			buildConfigurations = (
				B2C733C92D8C5B4A0062BE0C /* Debug */,
				B2C733CA2D8C5B4A0062BE0C /* Release */,
			);
			defaultConfigurationIsVisible = 0;
			defaultConfigurationName = Release;
		};
		B2C733CB2D8C5B4A0062BE0C /* Build configuration list for PBXNativeTarget "Mozzarella" */ = {
			isa = XCConfigurationList;
			buildConfigurations = (
				B2C733CC2D8C5B4A0062BE0C /* Debug */,
				B2C733CD2D8C5B4A0062BE0C /* Release */,
			);
			defaultConfigurationIsVisible = 0;
			defaultConfigurationName = Release;
		};
		B2C733CE2D8C5B4A0062BE0C /* Build configuration list for PBXNativeTarget "MozzarellaTests" */ = {
			isa = XCConfigurationList;
			buildConfigurations = (
				B2C733CF2D8C5B4A0062BE0C /* Debug */,
				B2C733D02D8C5B4A0062BE0C /* Release */,
			);
			defaultConfigurationIsVisible = 0;
			defaultConfigurationName = Release;
		};
		B2C733D12D8C5B4A0062BE0C /* Build configuration list for PBXNativeTarget "MozzarellaUITests" */ = {
			isa = XCConfigurationList;
			buildConfigurations = (
				B2C733D22D8C5B4A0062BE0C /* Debug */,
				B2C733D32D8C5B4A0062BE0C /* Release */,
			);
			defaultConfigurationIsVisible = 0;
			defaultConfigurationName = Release;
		};
/* End XCConfigurationList section */
	};
	rootObject = B2C7339D2D8C5B480062BE0C /* Project object */;
}
